# This file is generated by running "yarn install" inside your project.
# Manual changes might be lost - proceed with caution!

__metadata:
  version: 8
  cacheKey: 10

"RS_Rate@workspace:.":
  version: 0.0.0-use.local
  resolution: "RS_Rate@workspace:."
  dependencies:
    bootstrap: "npm:^4.6.0"
    bootstrap-select: "npm:^1.13.18"
    bootstrap-slider: "npm:^10.6.2"
    dropzone: "npm:^5.9.2"
    jquery: "npm:^3.6.0"
    jquery-parallax.js: "npm:^1.5.0"
    jquery.cookie: "npm:^1.4.1"
    jquery.counterup: "npm:^2.1.0"
    jquery.scrollto: "npm:^2.1.3"
    js-cookie: "npm:^2.2.1"
    load-awesome: "npm:^1.1.0"
    owl.carousel: "npm:^2.3.4"
    owl.carousel2.thumbs: "npm:^0.1.8"
    parsleyjs: "npm:^2.9.2"
    popper.js: "npm:^1.16.1"
    waypoints: "npm:^4.0.1"
    wowjs: "npm:^1.1.3"
  languageName: unknown
  linkType: soft

"animate.css@npm:latest":
  version: 3.7.2
  resolution: "animate.css@npm:3.7.2"
  checksum: 3d4fead4c7893aef947810df63b3f47100f244f93c67f340fa4e7ac1bfd466a302dd94ae6ff29b6f1c932ebfda4374494f5cda3d4b2610b7fefc34a9b0360daa
  languageName: node
  linkType: hard

"bootstrap-select@npm:^1.13.18":
  version: 1.13.18
  resolution: "bootstrap-select@npm:1.13.18"
  peerDependencies:
    bootstrap: ">=3.0.0"
    jquery: 1.9.1 - 3
  checksum: 660f1fdf826ccd2093ba4597406a664808e95fe34efb0a22ca85171ab6b902d7637fc649577d131c192a9c4dddb480ab1ba2132f8d0941f0d74760391909ec9a
  languageName: node
  linkType: hard

"bootstrap-slider@npm:^10.6.2":
  version: 10.6.2
  resolution: "bootstrap-slider@npm:10.6.2"
  checksum: 9bb4a1a860210aadfdb499c5e5132ca6ccbea023830fcd802eb4cd215efc4deaa837bdd89b9a636cefb21b060bcb12a239bb0d83a163ec060605c6fab84f7319
  languageName: node
  linkType: hard

"bootstrap@npm:^4.6.0":
  version: 4.6.0
  resolution: "bootstrap@npm:4.6.0"
  peerDependencies:
    jquery: 1.9.1 - 3
    popper.js: ^1.16.1
  checksum: 06e33867b47b412f60caa0a98b7a94721211196b6fc53de28ad452b89a75eefaae2747a13f2d505238a87228af4b1bd572896a92e4450205fd9897211db110e3
  languageName: node
  linkType: hard

"dropzone@npm:^5.9.2":
  version: 5.9.2
  resolution: "dropzone@npm:5.9.2"
  checksum: e25c21f407bce1a5e5c5476fea17557b4a0912bf48770a3087821411b87878161bc6bfd72ca3e65fc38c855078ec7fbd97a5e47cc0e4facc07eabe923fab840c
  languageName: node
  linkType: hard

"jquery-parallax.js@npm:^1.5.0":
  version: 1.5.0
  resolution: "jquery-parallax.js@npm:1.5.0"
  dependencies:
    jquery: "npm:>=1.7"
  checksum: 45518627c414404973f4fd1043ad6e1ae8e4436f143c604e339578ce0a2b29321842db21a741ccdce9c9c213050115f2a71e39c04f8b0e1b92e6fac470fb0b48
  languageName: node
  linkType: hard

"jquery.cookie@npm:^1.4.1":
  version: 1.4.1
  resolution: "jquery.cookie@npm:1.4.1"
  checksum: fc4c33112c4326167f749beba9fed545587e1a5a76d1eea8039758cdedd343a8fd14417c17fc01532f093e897ee1b52ce05c1b171026a6b9a534dd7245281161
  languageName: node
  linkType: hard

"jquery.counterup@npm:^2.1.0":
  version: 2.1.0
  resolution: "jquery.counterup@npm:2.1.0"
  dependencies:
    jquery: "npm:>=1.5.0"
    waypoints: "npm:>=3.0"
  checksum: 3bf6849a558682f1db03949cd8725e84f61f8542a6c9cf6fb12797022f2908cd03c8970914b2e9b4b0c4b04c65f180429febe21d4b43d8714cd815c6acd17ba8
  languageName: node
  linkType: hard

"jquery.scrollto@npm:^2.1.3":
  version: 2.1.3
  resolution: "jquery.scrollto@npm:2.1.3"
  dependencies:
    jquery: "npm:>=1.8"
  checksum: a26c97e9635ee03a0f4149a31487bb790b748aac4424b1eb2cb8867a7585d058fb8762b96c7fadf8fa493204e00bbe414893bb01ff56a2facae01a3e320862b6
  languageName: node
  linkType: hard

"jquery@npm:>=1.5.0, jquery@npm:>=1.7, jquery@npm:>=1.8, jquery@npm:>=1.8.0, jquery@npm:>=1.8.3":
  version: 3.4.1
  resolution: "jquery@npm:3.4.1"
  checksum: c40dcf94f6d1427b8d28b8f6b9d32f368b01e77cc24095c66c02de146faf0e633ef7c7f5d5815c52367b400f32d7c7f9c87e66d372488ffdd3276b4aeb6e0cef
  languageName: node
  linkType: hard

"jquery@npm:^3.6.0":
  version: 3.6.0
  resolution: "jquery@npm:3.6.0"
  checksum: 9785a3a13718ae51a13394e9953cc321fc11fb820e98b92ad1e76bc81086e596b3e7627fd2f23db79f4088cc0862eb2541ad775ea75d3079cc1fec834c28d5ad
  languageName: node
  linkType: hard

"js-cookie@npm:^2.2.1":
  version: 2.2.1
  resolution: "js-cookie@npm:2.2.1"
  checksum: 4387f5f5691cb96ca9ff8852c589d3012b53f484fda68630a39e20cabc6c5b740f09225e23233ba56cd9de6ebe300a23d20b2c7315f10c309ad5a89fd8c4990b
  languageName: node
  linkType: hard

"load-awesome@npm:^1.1.0":
  version: 1.1.0
  resolution: "load-awesome@npm:1.1.0"
  checksum: c47db32561b30684c8d9f053bc46fc90e0092a9062e3c7670e069fc06e908c9ac3b9c1a5b6059bac71f35fb221b67a06821ad034f120afcca0d09b56029e4422
  languageName: node
  linkType: hard

"owl.carousel2.thumbs@npm:^0.1.8":
  version: 0.1.8
  resolution: "owl.carousel2.thumbs@npm:0.1.8"
  checksum: c9136dba820f5fb9342c747e2a793758de748f6bd5023cc45cb1258d063100c863271a739d1edcccda167166289d11bd3ce23809356df7969fa15172f2628269
  languageName: node
  linkType: hard

"owl.carousel@npm:^2.3.4":
  version: 2.3.4
  resolution: "owl.carousel@npm:2.3.4"
  dependencies:
    jquery: "npm:>=1.8.3"
  checksum: aca1c8b0b352835218f38fc93db7bf7bcbe7a394e7d0d10948bc202f636e7002d7136e02e98e344f1d4f893daf33334e4bcb94b415e0188fceece533a02b85b2
  languageName: node
  linkType: hard

"parsleyjs@npm:^2.9.2":
  version: 2.9.2
  resolution: "parsleyjs@npm:2.9.2"
  dependencies:
    jquery: "npm:>=1.8.0"
  checksum: 4865548234aeeaec4c245df329e6847c74536fe6a66b932d4b664e7a229e7c9940f71906665c57a7057fda78882c3ebeae9c27c55979cee57e32cf93cc0bac68
  languageName: node
  linkType: hard

"popper.js@npm:^1.16.1":
  version: 1.16.1
  resolution: "popper.js@npm:1.16.1"
  checksum: 71338c86faf9b66ce60c3cdd7fb2ed742944e5d2765a188f269239fee2980aa6223b77b41302d1b6eb7d724e611092f9a2576d0048ac2071b605291abc72c0cf
  languageName: node
  linkType: hard

"waypoints@npm:>=3.0, waypoints@npm:^4.0.1":
  version: 4.0.1
  resolution: "waypoints@npm:4.0.1"
  checksum: 402272086deba1ef796c23c763ab8fce3a0623d61d5d627242bda9cf0d1e680b816d3f619c6eebced037c759bfa1f0340764614e5b6c48a8badb1faa3611963a
  languageName: node
  linkType: hard

"wowjs@npm:^1.1.3":
  version: 1.1.3
  resolution: "wowjs@npm:1.1.3"
  dependencies:
    animate.css: "npm:latest"
  checksum: fcd0e823e01557c6d63599b0ede1f54e9302b5e8ffc1a5822f3469965c093400e5e9aca4dfb2789df1cfa743ede583ec7eb044c42b4f7a7bdfc29cf191166616
  languageName: node
  linkType: hard
